# This file was autogenerated by Stack.
# You should not edit this file by hand.
# For more information, please see the documentation at:
#   https://docs.haskellstack.org/en/stable/lock_files

packages:
- completed:
    hackage: df1-0.4@sha256:b430ee7e0abda6ce9ef03b9fbe532a7384e6de1b4873357cc116db9f614ce398,1104
    pantry-tree:
      size: 531
      sha256: 1685f225d30b6291d67d96467d374b2e727d7c0877d7ea7724fd80d331130485
  original:
    hackage: df1-0.4@sha256:b430ee7e0abda6ce9ef03b9fbe532a7384e6de1b4873357cc116db9f614ce398,1104
- completed:
    hackage: di-polysemy-0.1.4.0@sha256:32b907dbfdfa95cc596c62165f3d4dda63f8dfdcb1262688af9c3ca1fc1b42b8,2160
    pantry-tree:
      size: 320
      sha256: f2d708201dc6403c5e8601b49d568a4c19667d03a7e21f310ee8a28e9f1c7b37
  original:
    hackage: di-polysemy-0.1.4.0@sha256:32b907dbfdfa95cc596c62165f3d4dda63f8dfdcb1262688af9c3ca1fc1b42b8,2160
- completed:
    hackage: polysemy-plugin-0.2.5.0@sha256:67e30be568a141b852aace1a60e180cb5060fbb2835365a81a3ea779536d6d35,2952
    pantry-tree:
      size: 1232
      sha256: 5c90dac2eba48b4e337b302347c233ecaedb63e333641e094e718a548ac86711
  original:
    hackage: polysemy-plugin-0.2.5.0@sha256:67e30be568a141b852aace1a60e180cb5060fbb2835365a81a3ea779536d6d35,2952
- completed:
    hackage: pretty-simple-3.3.0.0@sha256:c74f9c3c7234daddddfe2f0567adaced9c40e7c72c24abc3224fc2dcb5a350a2,4137
    pantry-tree:
      size: 1406
      sha256: 62cf97761c85ae877d91bfe06dd62be1de846be7b821a28f11e0922b3d4eff38
  original:
    hackage: pretty-simple-3.3.0.0@sha256:c74f9c3c7234daddddfe2f0567adaced9c40e7c72c24abc3224fc2dcb5a350a2,4137
- completed:
    hackage: di-df1-1.2.1@sha256:6be994f4d6acc4e9b498af00367d09e71fe6da42c6c2eb947ab49e19a6ba6e15,999
    pantry-tree:
      size: 424
      sha256: 5fd50fb50650ea9cda045ae0ae24f7de40b4cfccb9a91e5943dd5adf222991aa
  original:
    hackage: di-df1-1.2.1@sha256:6be994f4d6acc4e9b498af00367d09e71fe6da42c6c2eb947ab49e19a6ba6e15,999
- completed:
    hackage: di-handle-1.0.1@sha256:642ce26cc3b166e14782fb3d3acc4a15533e1021bcd6712704531f71c9483d24,720
    pantry-tree:
      size: 315
      sha256: f7612ded0cfa16bc04acf45d66cab4cbb3546ebfad816e69e91a768fa32ad7f9
  original:
    hackage: di-handle-1.0.1@sha256:642ce26cc3b166e14782fb3d3acc4a15533e1021bcd6712704531f71c9483d24,720
- completed:
    hackage: ghc-tcplugins-extra-0.3.2@sha256:1bbfd4449c3669a31618ea0ebc5d00d980a53988daad3b6218bab5c8cdff268d,1687
    pantry-tree:
      size: 331
      sha256: 4b16989344380c912e476dc232cc58264837b498e31a8bf16a17092ba6c1cfb9
  original:
    hackage: ghc-tcplugins-extra-0.3.2@sha256:1bbfd4449c3669a31618ea0ebc5d00d980a53988daad3b6218bab5c8cdff268d,1687
- completed:
    hackage: digit-0.9@sha256:0a53c797aa7a42e354fb7aff9e6c265bbaedfeba8adeef445dda2020bfd9d33a,3805
    pantry-tree:
      size: 1943
      sha256: 7889cb5425a910bd8d38885943619de7ee6afbb0f654c7d154b218730596db8e
  original:
    hackage: digit-0.9@sha256:0a53c797aa7a42e354fb7aff9e6c265bbaedfeba8adeef445dda2020bfd9d33a,3805
- completed:
    hackage: hoist-error-0.2.1.0@sha256:8c7e14b453bb913bcaefc103793978237d24bdb1af0e0419c5ad846d6bd400bd,1216
    pantry-tree:
      size: 281
      sha256: ded2c62f18e8c3f65ecf6986151db296832830e690994c6115ab608f1d36f720
  original:
    hackage: hoist-error-0.2.1.0@sha256:8c7e14b453bb913bcaefc103793978237d24bdb1af0e0419c5ad846d6bd400bd,1216
- completed:
    hackage: hw-json-standard-cursor-0.2.3.1@sha256:11834008e834a74ba35c0fee90b7f436339bf33ceecc4d6246dcebe8e4dd123f,8959
    pantry-tree:
      size: 3532
      sha256: f753c5e9ec007aa9673d0ed0f7ca439446147d1e41fdc8e6a4e425bc3263c211
  original:
    hackage: hw-json-standard-cursor-0.2.3.1@sha256:11834008e834a74ba35c0fee90b7f436339bf33ceecc4d6246dcebe8e4dd123f,8959
- completed:
    hackage: hw-rankselect-0.13.4.0@sha256:bfb06d8c8b06efa1338f8b8b98a2c6ae5cbf72f72031974b4f160fbd7308e70e,9560
    pantry-tree:
      size: 3465
      sha256: ada2b1101abbc87c98ff17e148558641f739a86c3c4f72d923c3942a629c41be
  original:
    hackage: hw-rankselect-0.13.4.0@sha256:bfb06d8c8b06efa1338f8b8b98a2c6ae5cbf72f72031974b4f160fbd7308e70e,9560
- completed:
    hackage: natural-0.3.0.5@sha256:50ee9d18deb16295507d8cea3f7d82255360db0bcdb0f6a7054b1629a0cacbc9,2051
    pantry-tree:
      size: 311
      sha256: 358679d9ae2527ac1f206e3ce0ef7dd69b18e6ba765151a7cbdcce1459ac89a1
  original:
    hackage: natural-0.3.0.5@sha256:50ee9d18deb16295507d8cea3f7d82255360db0bcdb0f6a7054b1629a0cacbc9,2051
- completed:
    hackage: witherable-0.3.5@sha256:6590a15735b50ac14dcc138d4265ff1585d5f3e9d3047d5ebc5abf4cd5f50084,1476
    pantry-tree:
      size: 271
      sha256: b99f21dbac28da031eb7c787fbffbe5e77e0aee42b64b5dda082470e907d5ab5
  original:
    hackage: witherable-0.3.5@sha256:6590a15735b50ac14dcc138d4265ff1585d5f3e9d3047d5ebc5abf4cd5f50084,1476
- completed:
    hackage: these-1.0.1@sha256:58dba2446b57dde711c5e7f63910d18bc28b9a5831a89772986bb184a3e7851b,3266
    pantry-tree:
      size: 351
      sha256: dd785882a522b6c76ee97fdd5e0e8cbca15b2fc951985bbecc76d0dd6e456aae
  original:
    hackage: these-1.0.1@sha256:58dba2446b57dde711c5e7f63910d18bc28b9a5831a89772986bb184a3e7851b,3266
- completed:
    hackage: monoidal-containers-0.6.0.1@sha256:7d776942659eb4d70d8b8da5d734396374a6eda8b4622df9e61e26b24e9c8e40,2501
    pantry-tree:
      size: 569
      sha256: c354e916cb3aa9a0728a60f08440dc589a9e6d8275f047dbe9ab73f168247561
  original:
    hackage: monoidal-containers-0.6.0.1@sha256:7d776942659eb4d70d8b8da5d734396374a6eda8b4622df9e61e26b24e9c8e40,2501
- completed:
    hackage: rock-0.3.0.0@sha256:62acd56010ea6669a7c110153c262a4b29c0dae049d3dc5028e6dd9cf20dc49f,3591
    pantry-tree:
      size: 535
      sha256: a58b8c3d493b6681d5e16e91a16509668aec3c2d645533cefea18dc852302224
  original:
    hackage: rock-0.3.0.0@sha256:62acd56010ea6669a7c110153c262a4b29c0dae049d3dc5028e6dd9cf20dc49f,3591
- completed:
    hackage: constraints-extras-0.3.0.2@sha256:013b8d0392582c6ca068e226718a4fe8be8e22321cc0634f6115505bf377ad26,1853
    pantry-tree:
      size: 594
      sha256: 3ce1012bfb02e4d7def9df19ce80b8cd2b472c691b25b181d9960638673fecd1
  original:
    hackage: constraints-extras-0.3.0.2@sha256:013b8d0392582c6ca068e226718a4fe8be8e22321cc0634f6115505bf377ad26,1853
- completed:
    hackage: dependent-hashmap-0.1.0.1@sha256:6d1c20bd79f32d8daebd3cc741f884cc3d093118e3b876eb957defd4c594a966,1892
    pantry-tree:
      size: 334
      sha256: 817b36b81735d96696c5b165357c431e0b396dcf45afb8b4384fbfd4f4499cbb
  original:
    hackage: dependent-hashmap-0.1.0.1@sha256:6d1c20bd79f32d8daebd3cc741f884cc3d093118e3b876eb957defd4c594a966,1892
- completed:
    hackage: dependent-sum-0.7.1.0@sha256:5599aa89637db434431b1dd3fa7c34bc3d565ee44f0519bfbc877be1927c2531,2068
    pantry-tree:
      size: 290
      sha256: 9cbfb32b5a8a782b7a1c941803fd517633cb699159b851c1d82267a9e9391b50
  original:
    hackage: dependent-sum-0.7.1.0@sha256:5599aa89637db434431b1dd3fa7c34bc3d565ee44f0519bfbc877be1927c2531,2068
- completed:
    hackage: dependent-sum-template-0.1.0.3@sha256:0bbbacdfbd3abf2a15aaf0cf2c27e5bdd159b519441fec39e1e6f2f54424adde,1682
    pantry-tree:
      size: 436
      sha256: 32eeadeb991a290a1da41ce7e995dee7d38ebba3bd3e53ea8074c32c086701fd
  original:
    hackage: dependent-sum-template-0.1.0.3@sha256:0bbbacdfbd3abf2a15aaf0cf2c27e5bdd159b519441fec39e1e6f2f54424adde,1682
- completed:
    hackage: polysemy-zoo-0.7.0.0@sha256:e98ba9620128df8f8aea6adec5a0e324103324a2d2368930a2e214a2c334551b,3900
    pantry-tree:
      size: 3049
      sha256: 5cc724e74ed56436891e15ce23b82ce432f9e9f735c5111847988f8854009815
  original:
    hackage: polysemy-zoo-0.7.0.0@sha256:e98ba9620128df8f8aea6adec5a0e324103324a2d2368930a2e214a2c334551b,3900
- completed:
    hackage: compact-0.2.0.0@sha256:9c5785bdc178ea6cf8f514ad35a78c64220e3cdb22216534e4cf496765551c7e,2345
    pantry-tree:
      size: 546
      sha256: 6f7da573fbcddc109e1521edc07f1b34d7506473a3930074453e829daf901d71
  original:
    hackage: compact-0.2.0.0@sha256:9c5785bdc178ea6cf8f514ad35a78c64220e3cdb22216534e4cf496765551c7e,2345
- completed:
    hackage: constraints-0.11.2@sha256:d028005d93f891b48b61ff0c82c6f868859eb728010dea3e355b0c55d0f57cf9,2219
    pantry-tree:
      size: 867
      sha256: 3c71f74be6758642190c7d116d43eb980f4128e1595a849af4295610f752745c
  original:
    hackage: constraints-0.11.2@sha256:d028005d93f891b48b61ff0c82c6f868859eb728010dea3e355b0c55d0f57cf9,2219
- completed:
    size: 174117
    url: https://github.com/nitros12/waargonaut/archive/83626a4448bb4f37f49511c0c9cfa4e03ad96f3b.tar.gz
    name: waargonaut
    version: 0.8.0.2
    sha256: c9e73b6097347db30ca8dca29d136a712ce9454c9cf0a740ff5edc7a6f4068d9
    pantry-tree:
      size: 7530
      sha256: e5df45e2ff01300b013069e6ee308619f267d1bd115df256597fce7a9453bad5
  original:
    url: https://github.com/nitros12/waargonaut/archive/83626a4448bb4f37f49511c0c9cfa4e03ad96f3b.tar.gz
- completed:
    size: 8248
    url: https://github.com/nitros12/language-c99-simple/archive/7036151d4aaf5ef361b9afb020c61a7d29a9a15c.tar.gz
    name: language-c99-simple
    version: 0.1.3
    sha256: e64c6bea5bd9180167241095a092fe30c0323894d744ca250fe22b28c6992805
    pantry-tree:
      size: 574
      sha256: c8c235e204f95d9cb268da1a1418301260c1427ba434b0390c6dd061f025d737
  original:
    url: https://github.com/nitros12/language-c99-simple/archive/7036151d4aaf5ef361b9afb020c61a7d29a9a15c.tar.gz
- completed:
    size: 11223
    url: https://github.com/fdedden/language-c99/archive/e9a4f42155690f0461a1dfed824f164ff480adb4.tar.gz
    name: language-c99
    version: 0.1.2
    sha256: 8ddfac86734ae90708e89ef993ca598cc2a3d77b3243bf2797173471b5983b87
    pantry-tree:
      size: 399
      sha256: 9cea97f2724f27b2abc70a5cf58f36a4f30505f950f722e52957015e78a8c0bf
  original:
    url: https://github.com/fdedden/language-c99/archive/e9a4f42155690f0461a1dfed824f164ff480adb4.tar.gz
- completed:
    size: 5020
    url: https://github.com/fdedden/language-c99-util/archive/e5a123b27867e5a235d6ab8ea5217b18b6faf621.tar.gz
    name: language-c99-util
    version: 0.1.1
    sha256: f7c46e8eea863387e944c9a5c611eefb350b7e5e79ea24f3bb0dbfa27d3660a4
    pantry-tree:
      size: 489
      sha256: d2dc9d669f92b5f42e3a4b5490fc91d1932c836f0d45b4dabae8ea68577eeeff
  original:
    url: https://github.com/fdedden/language-c99-util/archive/e5a123b27867e5a235d6ab8ea5217b18b6faf621.tar.gz
snapshots:
- completed:
    size: 532379
    url: https://raw.githubusercontent.com/commercialhaskell/stackage-snapshots/master/lts/16/8.yaml
    sha256: 2ad3210d2ad35f3176005d68369a18e4d984517bfaa2caade76f28ed0b2e0521
  original: lts-16.8
