# This file was autogenerated by Stack.
# You should not edit this file by hand.
# For more information, please see the documentation at:
#   https://docs.haskellstack.org/en/stable/lock_files

packages:
- completed:
    hackage: base-noprelude-4.12.0.0@sha256:dcd5ece10257f79fa16e207d558b31ab3467b205adae5d1976abdee28b1c8b4a,6845
    pantry-tree:
      size: 158
      sha256: 1e4118716a2078385341d7df2f876b616744c3a8f945247766e60f48e32b3d1d
  original:
    hackage: base-noprelude-4.12.0.0
- completed:
    size: 43619
    subdir: co-log-polysemy
    url: https://github.com/nitros12/co-log/archive/a026ea50698fb8f831cb77eedf1b6659695c2402.tar.gz
    cabal-file:
      size: 3369
      sha256: 397c2b2011ee55ef7e70d3b6b819fafd7ab1fe0d8e4d6789200aeef2978589aa
    name: co-log-polysemy
    version: 0.0.0.0
    sha256: 3bdb850076f598a7aa939f3d9888d3dce99c568a839dc38fca113c57fec23805
    pantry-tree:
      size: 400
      sha256: 3ad1b5b6f751a1705fe79fde3814c9b1cf192be001ae3de4790caa72027b399c
  original:
    subdir: co-log-polysemy
    url: https://github.com/nitros12/co-log/archive/a026ea50698fb8f831cb77eedf1b6659695c2402.tar.gz
- completed:
    hackage: polysemy-1.2.1.0@sha256:5b8cc3befbd10b8b05354a35dc71d24041c0dad15f28c9301f199b00916b69b6,5776
    pantry-tree:
      size: 3622
      sha256: ede1962350f5a77ccdeb0f194bca18b88fc1113dfa22bd3a6d3143851e222c15
  original:
    hackage: polysemy-1.2.1.0@sha256:5b8cc3befbd10b8b05354a35dc71d24041c0dad15f28c9301f199b00916b69b6,5776
- completed:
    hackage: pretty-simple-3.1.0.0@sha256:d9d045de35be6a2d78a9b3b38d39b13caba96c0ef5ba9d4b44b9b7c2c50e7fa1,4129
    pantry-tree:
      size: 1405
      sha256: 897ea2ca3dcab20d4679671e4c0d6d2d9b71ff0978c9572296b4f9b6fdaf4a40
  original:
    hackage: pretty-simple-3.1.0.0@sha256:d9d045de35be6a2d78a9b3b38d39b13caba96c0ef5ba9d4b44b9b7c2c50e7fa1,4129
- completed:
    hackage: generic-lens-1.2.0.0@sha256:b19e7970c93743a46bc3702331512a96d163de4356472f2d51a2945887aefe8c,6524
    pantry-tree:
      size: 4315
      sha256: 9ed161eadfda5b1eb36cfcf077146f7b66db1da69f1041fc720aea287ec021b0
  original:
    hackage: generic-lens-1.2.0.0@sha256:b19e7970c93743a46bc3702331512a96d163de4356472f2d51a2945887aefe8c,6524
- completed:
    hackage: generic-aeson-0.2.0.10@sha256:9d151244afd715c4ad6ce7d3f24fb04e0110f32a825b0838e34cd96523f94622,1090
    pantry-tree:
      size: 475
      sha256: 85ec0612d5947744954c9f83d8debe0354feab3644abe8df455c9f6cb768cb5d
  original:
    hackage: generic-aeson-0.2.0.10@sha256:9d151244afd715c4ad6ce7d3f24fb04e0110f32a825b0838e34cd96523f94622,1090
snapshots:
- completed:
    size: 523700
    url: https://raw.githubusercontent.com/commercialhaskell/stackage-snapshots/master/lts/14/7.yaml
    sha256: 8e3f3c894be74d71fa4bf085e0a8baae7e4d7622d07ea31a52736b80f8b9bb1a
  original: lts-14.7
